
Microsoft Visual Studio Solution File, Format Version 12.00
# Visual Studio Version 17
VisualStudioVersion = 17.6.33723.286
MinimumVisualStudioVersion = 10.0.40219.1
Project("{9A19103F-16F7-4668-BE54-9A1E7A4F7556}") = "GuessMyNumberConsole", "GuessMyNumberConsole\GuessMyNumberConsole.csproj", "{20853520-57F3-4BB3-BBAA-39A02002EA0E}"
EndProject
Project("{FAE04EC0-301F-11D3-BF4B-00C04F79EFBC}") = "GuessMyNumberBlazor", "GuessMyNumberBlazor\GuessMyNumberBlazor.csproj", "{FB78B5EF-BE39-4024-B3B2-9099CD00CA77}"
EndProject
Global
	GlobalSection(SolutionConfigurationPlatforms) = preSolution
		Debug|Any CPU = Debug|Any CPU
		Release|Any CPU = Release|Any CPU
	EndGlobalSection
	GlobalSection(ProjectConfigurationPlatforms) = postSolution
		{20853520-57F3-4BB3-BBAA-39A02002EA0E}.Debug|Any CPU.ActiveCfg = Debug|Any CPU
		{20853520-57F3-4BB3-BBAA-39A02002EA0E}.Debug|Any CPU.Build.0 = Debug|Any CPU
		{20853520-57F3-4BB3-BBAA-39A02002EA0E}.Release|Any CPU.ActiveCfg = Release|Any CPU
		{20853520-57F3-4BB3-BBAA-39A02002EA0E}.Release|Any CPU.Build.0 = Release|Any CPU
		{FB78B5EF-BE39-4024-B3B2-9099CD00CA77}.Debug|Any CPU.ActiveCfg = Debug|Any CPU
		{FB78B5EF-BE39-4024-B3B2-9099CD00CA77}.Debug|Any CPU.Build.0 = Debug|Any CPU
		{FB78B5EF-BE39-4024-B3B2-9099CD00CA77}.Release|Any CPU.ActiveCfg = Release|Any CPU
		{FB78B5EF-BE39-4024-B3B2-9099CD00CA77}.Release|Any CPU.Build.0 = Release|Any CPU
	EndGlobalSection
	GlobalSection(SolutionProperties) = preSolution
		HideSolutionNode = FALSE
	EndGlobalSection
	GlobalSection(ExtensibilityGlobals) = postSolution
		SolutionGuid = {E84A185A-71BC-45A7-BE83-8CB7B5BC1FA2}
	EndGlobalSection
EndGlobal
